{
    "_readme": [
        "This file locks the dependencies of your project to a known state",
        "Read more about it at https://getcomposer.org/doc/01-basic-usage.md#installing-dependencies",
        "This file is @generated automatically"
    ],
    "content-hash": "cb02c21d650ae99c4064ec8cbe43989a",
    "packages": [
        {
            "name": "docopt/docopt",
            "version": "1.0.6",
            "source": {
                "type": "git",
                "url": "https://github.com/docopt/docopt.php.git",
                "reference": "bcb963c87d61948919146d25c22ca0ab74896c24"
            },
            "dist": {
                "type": "zip",
                "url": "https://api.github.com/repos/docopt/docopt.php/zipball/bcb963c87d61948919146d25c22ca0ab74896c24",
                "reference": "bcb963c87d61948919146d25c22ca0ab74896c24",
                "shasum": ""
            },
            "require": {
                "php": ">=5.3.0"
            },
            "type": "library",
            "autoload": {
                "classmap": [
                    "src/docopt.php"
                ]
            },
            "notification-url": "https://packagist.org/downloads/",
            "license": [
                "MIT"
            ],
            "authors": [
                {
                    "name": "Blake Williams",
                    "email": "code@shabbyrobe.org",
                    "homepage": "http://docopt.org/",
                    "role": "Developer"
                }
            ],
            "description": "Port of Python's docopt for PHP >=5.3",
            "homepage": "http://github.com/docopt/docopt.php",
            "keywords": [
                "cli",
                "docs"
            ],
            "support": {
                "issues": "https://github.com/docopt/docopt.php/issues",
                "source": "https://github.com/docopt/docopt.php/tree/1.0.6"
            },
            "time": "2025-01-20T00:35:03+00:00"
        },
        {
            "name": "funct/funct",
            "version": "1.6.0",
            "source": {
                "type": "git",
                "url": "https://github.com/phpfunct/funct.git",
                "reference": "6343055c2a8b7c1a4e44ed9d72bb46297d46b570"
            },
            "dist": {
                "type": "zip",
                "url": "https://api.github.com/repos/phpfunct/funct/zipball/6343055c2a8b7c1a4e44ed9d72bb46297d46b570",
                "reference": "6343055c2a8b7c1a4e44ed9d72bb46297d46b570",
                "shasum": ""
            },
            "require-dev": {
                "phpunit/phpunit": "^4.0"
            },
            "type": "library",
            "extra": {
                "branch-alias": {
                    "dev-master": "1.0-dev"
                }
            },
            "autoload": {
                "files": [
                    "src/Collection.php",
                    "src/General.php",
                    "src/Invoke.php",
                    "src/Object.php",
                    "src/Strings.php"
                ],
                "psr-4": {
                    "Funct\\": "src"
                }
            },
            "notification-url": "https://packagist.org/downloads/",
            "license": [
                "MIT"
            ],
            "authors": [
                {
                    "name": "Aurimas Niekis",
                    "email": "aurimas@niekis.lt"
                }
            ],
            "description": "A PHP library with commonly used code blocks",
            "support": {
                "issues": "https://github.com/phpfunct/funct/issues",
                "source": "https://github.com/phpfunct/funct/tree/1.6.0"
            },
            "time": "2024-08-25T15:03:54+00:00"
        }
    ],
    "packages-dev": [],
    "aliases": [],
    "minimum-stability": "stable",
    "stability-flags": {},
    "prefer-stable": false,
    "prefer-lowest": false,
    "platform": {},
    "platform-dev": {},
    "plugin-api-version": "2.6.0"
}
